
Microsoft Visual Studio Solution File, Format Version 12.00
# Visual Studio Version 17
VisualStudioVersion = 17.7.34024.191
MinimumVisualStudioVersion = 10.0.40219.1
Project("{9A19103F-16F7-4668-BE54-9A1E7A4F7556}") = "CS Readings Guide", "CS Readings Guide\CS Readings Guide.csproj", "{FD8DCE41-1C91-45F2-A50C-7A7048C3B278}"
EndProject
Project("{9A19103F-16F7-4668-BE54-9A1E7A4F7556}") = "Core", "Core\Core.csproj", "{CBFEB1A7-6F15-4C50-A6D4-3BCCEBE5FAF0}"
EndProject
Project("{9A19103F-16F7-4668-BE54-9A1E7A4F7556}") = "Repository", "Repository\Repository.csproj", "{4334444F-39A7-4ADF-A86E-68EB428ADC04}"
EndProject
Project("{FAE04EC0-301F-11D3-BF4B-00C04F79EFBC}") = "Services", "Services\Services.csproj", "{1CAF4FDF-87EB-46B0-9B85-DABEC2F110E7}"
EndProject
Global
	GlobalSection(SolutionConfigurationPlatforms) = preSolution
		Debug|Any CPU = Debug|Any CPU
		Release|Any CPU = Release|Any CPU
	EndGlobalSection
	GlobalSection(ProjectConfigurationPlatforms) = postSolution
		{FD8DCE41-1C91-45F2-A50C-7A7048C3B278}.Debug|Any CPU.ActiveCfg = Debug|Any CPU
		{FD8DCE41-1C91-45F2-A50C-7A7048C3B278}.Debug|Any CPU.Build.0 = Debug|Any CPU
		{FD8DCE41-1C91-45F2-A50C-7A7048C3B278}.Release|Any CPU.ActiveCfg = Release|Any CPU
		{FD8DCE41-1C91-45F2-A50C-7A7048C3B278}.Release|Any CPU.Build.0 = Release|Any CPU
		{CBFEB1A7-6F15-4C50-A6D4-3BCCEBE5FAF0}.Debug|Any CPU.ActiveCfg = Debug|Any CPU
		{CBFEB1A7-6F15-4C50-A6D4-3BCCEBE5FAF0}.Debug|Any CPU.Build.0 = Debug|Any CPU
		{CBFEB1A7-6F15-4C50-A6D4-3BCCEBE5FAF0}.Release|Any CPU.ActiveCfg = Release|Any CPU
		{CBFEB1A7-6F15-4C50-A6D4-3BCCEBE5FAF0}.Release|Any CPU.Build.0 = Release|Any CPU
		{4334444F-39A7-4ADF-A86E-68EB428ADC04}.Debug|Any CPU.ActiveCfg = Debug|Any CPU
		{4334444F-39A7-4ADF-A86E-68EB428ADC04}.Debug|Any CPU.Build.0 = Debug|Any CPU
		{4334444F-39A7-4ADF-A86E-68EB428ADC04}.Release|Any CPU.ActiveCfg = Release|Any CPU
		{4334444F-39A7-4ADF-A86E-68EB428ADC04}.Release|Any CPU.Build.0 = Release|Any CPU
		{1CAF4FDF-87EB-46B0-9B85-DABEC2F110E7}.Debug|Any CPU.ActiveCfg = Debug|Any CPU
		{1CAF4FDF-87EB-46B0-9B85-DABEC2F110E7}.Debug|Any CPU.Build.0 = Debug|Any CPU
		{1CAF4FDF-87EB-46B0-9B85-DABEC2F110E7}.Release|Any CPU.ActiveCfg = Release|Any CPU
		{1CAF4FDF-87EB-46B0-9B85-DABEC2F110E7}.Release|Any CPU.Build.0 = Release|Any CPU
	EndGlobalSection
	GlobalSection(SolutionProperties) = preSolution
		HideSolutionNode = FALSE
	EndGlobalSection
	GlobalSection(ExtensibilityGlobals) = postSolution
		SolutionGuid = {02E1FB7E-1E21-44A1-BFD5-872EFAAB4A6E}
	EndGlobalSection
EndGlobal
